
Microsoft Visual Studio Solution File, Format Version 12.00
# Visual Studio 15
VisualStudioVersion = 15.0.28307.960
MinimumVisualStudioVersion = 10.0.40219.1
Project("{FAE04EC0-301F-11D3-BF4B-00C04F79EFBC}") = "NLayeredContextMenu", "NLayeredContextMenu\NLayeredContextMenu.csproj", "{BCC9D8C5-3EC6-4724-850B-CF20C56211BD}"
EndProject
Global
	GlobalSection(SolutionConfigurationPlatforms) = preSolution
		Debug|Any CPU = Debug|Any CPU
		Release|Any CPU = Release|Any CPU
	EndGlobalSection
	GlobalSection(ProjectConfigurationPlatforms) = postSolution
		{BCC9D8C5-3EC6-4724-850B-CF20C56211BD}.Debug|Any CPU.ActiveCfg = Debug|Any CPU
		{BCC9D8C5-3EC6-4724-850B-CF20C56211BD}.Debug|Any CPU.Build.0 = Debug|Any CPU
		{BCC9D8C5-3EC6-4724-850B-CF20C56211BD}.Release|Any CPU.ActiveCfg = Release|Any CPU
		{BCC9D8C5-3EC6-4724-850B-CF20C56211BD}.Release|Any CPU.Build.0 = Release|Any CPU
	EndGlobalSection
	GlobalSection(SolutionProperties) = preSolution
		HideSolutionNode = FALSE
	EndGlobalSection
	GlobalSection(ExtensibilityGlobals) = postSolution
		SolutionGuid = {D24591E1-0B32-4FBF-845C-173F045A9F98}
	EndGlobalSection
EndGlobal
